
Microsoft Visual Studio Solution File, Format Version 12.00
# Visual Studio Version 17
VisualStudioVersion = 17.0.32112.339
MinimumVisualStudioVersion = 10.0.40219.1
Project("{FAE04EC0-301F-11D3-BF4B-00C04F79EFBC}") = "CS probeersels", "CS probeersels.csproj", "{9A4BF292-C331-4A6F-B53C-3AC2011A7FFB}"
EndProject
Global
	GlobalSection(SolutionConfigurationPlatforms) = preSolution
		Debug|Any CPU = Debug|Any CPU
		Release|Any CPU = Release|Any CPU
	EndGlobalSection
	GlobalSection(ProjectConfigurationPlatforms) = postSolution
		{9A4BF292-C331-4A6F-B53C-3AC2011A7FFB}.Debug|Any CPU.ActiveCfg = Debug|Any CPU
		{9A4BF292-C331-4A6F-B53C-3AC2011A7FFB}.Debug|Any CPU.Build.0 = Debug|Any CPU
		{9A4BF292-C331-4A6F-B53C-3AC2011A7FFB}.Release|Any CPU.ActiveCfg = Release|Any CPU
		{9A4BF292-C331-4A6F-B53C-3AC2011A7FFB}.Release|Any CPU.Build.0 = Release|Any CPU
	EndGlobalSection
	GlobalSection(SolutionProperties) = preSolution
		HideSolutionNode = FALSE
	EndGlobalSection
	GlobalSection(ExtensibilityGlobals) = postSolution
		SolutionGuid = {80FB2562-5082-4439-9523-E378FFFC2722}
	EndGlobalSection
EndGlobal
